
Microsoft Visual Studio Solution File, Format Version 12.00
# Visual Studio 15
VisualStudioVersion = 15.0.26403.3
MinimumVisualStudioVersion = 10.0.40219.1
Project("{FAE04EC0-301F-11D3-BF4B-00C04F79EFBC}") = "Kpo4311_hnv.Main", "Kpo4311_nmv.Main\Kpo4311_hnv.Main.csproj", "{038488B4-B738-437B-8859-BD5947FFA3EC}"
EndProject
Project("{FAE04EC0-301F-11D3-BF4B-00C04F79EFBC}") = "Kpo4311_hnv.Lib", "Kpo4311_nmv.Lib\Kpo4311_hnv.Lib.csproj", "{4B9836DD-BAF0-49CE-9E66-D0F427255015}"
EndProject
Project("{FAE04EC0-301F-11D3-BF4B-00C04F79EFBC}") = "Kpo4311_hnv.Tests", "Kpo4311_hnv.Tests\Kpo4311_hnv.Tests.csproj", "{21018F2A-ED5B-4CB2-B848-D66CCE5B5599}"
EndProject
Global
	GlobalSection(SolutionConfigurationPlatforms) = preSolution
		Debug|Any CPU = Debug|Any CPU
		Release|Any CPU = Release|Any CPU
	EndGlobalSection
	GlobalSection(ProjectConfigurationPlatforms) = postSolution
		{038488B4-B738-437B-8859-BD5947FFA3EC}.Debug|Any CPU.ActiveCfg = Debug|Any CPU
		{038488B4-B738-437B-8859-BD5947FFA3EC}.Debug|Any CPU.Build.0 = Debug|Any CPU
		{038488B4-B738-437B-8859-BD5947FFA3EC}.Release|Any CPU.ActiveCfg = Release|Any CPU
		{038488B4-B738-437B-8859-BD5947FFA3EC}.Release|Any CPU.Build.0 = Release|Any CPU
		{4B9836DD-BAF0-49CE-9E66-D0F427255015}.Debug|Any CPU.ActiveCfg = Debug|Any CPU
		{4B9836DD-BAF0-49CE-9E66-D0F427255015}.Debug|Any CPU.Build.0 = Debug|Any CPU
		{4B9836DD-BAF0-49CE-9E66-D0F427255015}.Release|Any CPU.ActiveCfg = Release|Any CPU
		{4B9836DD-BAF0-49CE-9E66-D0F427255015}.Release|Any CPU.Build.0 = Release|Any CPU
		{21018F2A-ED5B-4CB2-B848-D66CCE5B5599}.Debug|Any CPU.ActiveCfg = Debug|Any CPU
		{21018F2A-ED5B-4CB2-B848-D66CCE5B5599}.Debug|Any CPU.Build.0 = Debug|Any CPU
		{21018F2A-ED5B-4CB2-B848-D66CCE5B5599}.Release|Any CPU.ActiveCfg = Release|Any CPU
		{21018F2A-ED5B-4CB2-B848-D66CCE5B5599}.Release|Any CPU.Build.0 = Release|Any CPU
	EndGlobalSection
	GlobalSection(SolutionProperties) = preSolution
		HideSolutionNode = FALSE
	EndGlobalSection
EndGlobal
